// !$*UTF8*$!
{
	archiveVersion = 1;
	classes = {
	};
	objectVersion = 46;
	objects = {

/* Begin PBXBuildFile section */
		6933D7EB1BE6971300DA94BE /* LoginViewController.m in Sources */ = {isa = PBXBuildFile; fileRef = 6933D7EA1BE6971300DA94BE /* LoginViewController.m */; };
		694D48AE1BCCAC4100D45F04 /* main.m in Sources */ = {isa = PBXBuildFile; fileRef = 694D48AD1BCCAC4100D45F04 /* main.m */; };
		694D48B11BCCAC4100D45F04 /* AppDelegate.m in Sources */ = {isa = PBXBuildFile; fileRef = 694D48B01BCCAC4100D45F04 /* AppDelegate.m */; };
		694D48B91BCCAC4100D45F04 /* Images.xcassets in Resources */ = {isa = PBXBuildFile; fileRef = 694D48B81BCCAC4100D45F04 /* Images.xcassets */; };
		694D48BC1BCCAC4100D45F04 /* LaunchScreen.xib in Resources */ = {isa = PBXBuildFile; fileRef = 694D48BA1BCCAC4100D45F04 /* LaunchScreen.xib */; };
		694D48C81BCCAC4100D45F04 /* BlocstagramTests.m in Sources */ = {isa = PBXBuildFile; fileRef = 694D48C71BCCAC4100D45F04 /* BlocstagramTests.m */; };
		694D48DC1BCCAEF500D45F04 /* 1.jpg in Resources */ = {isa = PBXBuildFile; fileRef = 694D48D21BCCAEF500D45F04 /* 1.jpg */; };
		694D48DD1BCCAEF500D45F04 /* 2.jpg in Resources */ = {isa = PBXBuildFile; fileRef = 694D48D31BCCAEF500D45F04 /* 2.jpg */; };
		694D48DE1BCCAEF500D45F04 /* 3.jpg in Resources */ = {isa = PBXBuildFile; fileRef = 694D48D41BCCAEF500D45F04 /* 3.jpg */; };
		694D48DF1BCCAEF500D45F04 /* 4.jpg in Resources */ = {isa = PBXBuildFile; fileRef = 694D48D51BCCAEF500D45F04 /* 4.jpg */; };
		694D48E01BCCAEF500D45F04 /* 5.jpg in Resources */ = {isa = PBXBuildFile; fileRef = 694D48D61BCCAEF500D45F04 /* 5.jpg */; };
		694D48E11BCCAEF500D45F04 /* 6.jpg in Resources */ = {isa = PBXBuildFile; fileRef = 694D48D71BCCAEF500D45F04 /* 6.jpg */; };
		694D48E21BCCAEF500D45F04 /* 7.jpg in Resources */ = {isa = PBXBuildFile; fileRef = 694D48D81BCCAEF500D45F04 /* 7.jpg */; };
		694D48E31BCCAEF500D45F04 /* 8.jpg in Resources */ = {isa = PBXBuildFile; fileRef = 694D48D91BCCAEF500D45F04 /* 8.jpg */; };
		694D48E41BCCAEF500D45F04 /* 9.jpg in Resources */ = {isa = PBXBuildFile; fileRef = 694D48DA1BCCAEF500D45F04 /* 9.jpg */; };
		694D48E51BCCAEF500D45F04 /* 10.jpg in Resources */ = {isa = PBXBuildFile; fileRef = 694D48DB1BCCAEF500D45F04 /* 10.jpg */; };
		694D48E81BCCB00D00D45F04 /* ImagesTableViewController.m in Sources */ = {isa = PBXBuildFile; fileRef = 694D48E71BCCB00D00D45F04 /* ImagesTableViewController.m */; };
		694D48EB1BD015E800D45F04 /* User.m in Sources */ = {isa = PBXBuildFile; fileRef = 694D48EA1BD015E800D45F04 /* User.m */; };
		694D48EE1BD017F600D45F04 /* Media.m in Sources */ = {isa = PBXBuildFile; fileRef = 694D48ED1BD017F600D45F04 /* Media.m */; };
		694D48F11BD0186A00D45F04 /* Comment.m in Sources */ = {isa = PBXBuildFile; fileRef = 694D48F01BD0186A00D45F04 /* Comment.m */; };
		694D48F41BD0190200D45F04 /* DataSource.m in Sources */ = {isa = PBXBuildFile; fileRef = 694D48F31BD0190200D45F04 /* DataSource.m */; };
		694D48F71BD5D3D900D45F04 /* MediaTableViewCell.m in Sources */ = {isa = PBXBuildFile; fileRef = 694D48F61BD5D3D900D45F04 /* MediaTableViewCell.m */; };
		697EC6E31BF2424300FBFA99 /* MediaFullScreenViewController.m in Sources */ = {isa = PBXBuildFile; fileRef = 697EC6E21BF2424300FBFA99 /* MediaFullScreenViewController.m */; };
		697EC6E61C02E19A00FBFA99 /* CircleSpinnerView.m in Sources */ = {isa = PBXBuildFile; fileRef = 697EC6E51C02E19A00FBFA99 /* CircleSpinnerView.m */; };
		697EC6E91C03933F00FBFA99 /* LikeButton.m in Sources */ = {isa = PBXBuildFile; fileRef = 697EC6E81C03933F00FBFA99 /* LikeButton.m */; };
		69D591311C04E9BE00BAD201 /* ComposeCommentView.m in Sources */ = {isa = PBXBuildFile; fileRef = 69D591301C04E9BE00BAD201 /* ComposeCommentView.m */; };
		69D591341C0D228900BAD201 /* CameraToolbar.m in Sources */ = {isa = PBXBuildFile; fileRef = 69D591331C0D228900BAD201 /* CameraToolbar.m */; };
		69D591371C0D360100BAD201 /* CameraViewController.m in Sources */ = {isa = PBXBuildFile; fileRef = 69D591361C0D360100BAD201 /* CameraViewController.m */; };
		69D5913A1C11735E00BAD201 /* UIImage+ImageUtilities.m in Sources */ = {isa = PBXBuildFile; fileRef = 69D591391C11735E00BAD201 /* UIImage+ImageUtilities.m */; };
		69D5913D1C128EBA00BAD201 /* CropBox.m in Sources */ = {isa = PBXBuildFile; fileRef = 69D5913C1C128EBA00BAD201 /* CropBox.m */; };
		69D591401C14DB2400BAD201 /* CropImageViewController.m in Sources */ = {isa = PBXBuildFile; fileRef = 69D5913F1C14DB2400BAD201 /* CropImageViewController.m */; };
		69D591431C14E52100BAD201 /* ImageLibraryViewController.m in Sources */ = {isa = PBXBuildFile; fileRef = 69D591421C14E52100BAD201 /* ImageLibraryViewController.m */; };
		69D591461C180CA900BAD201 /* PostToInstagramViewController.m in Sources */ = {isa = PBXBuildFile; fileRef = 69D591451C180CA900BAD201 /* PostToInstagramViewController.m */; };
		B0006CD6388C05BEC0E89905 /* libPods.a in Frameworks */ = {isa = PBXBuildFile; fileRef = 2F692032188052B5808041F6 /* libPods.a */; };
/* End PBXBuildFile section */

/* Begin PBXContainerItemProxy section */
		694D48C21BCCAC4100D45F04 /* PBXContainerItemProxy */ = {
			isa = PBXContainerItemProxy;
			containerPortal = 694D48A01BCCAC4100D45F04 /* Project object */;
			proxyType = 1;
			remoteGlobalIDString = 694D48A71BCCAC4100D45F04;
			remoteInfo = Blocstagram;
		};
/* End PBXContainerItemProxy section */

/* Begin PBXFileReference section */
		260B3A8CAC5CF6143E1CD202 /* Pods.release.xcconfig */ = {isa = PBXFileReference; includeInIndex = 1; lastKnownFileType = text.xcconfig; name = Pods.release.xcconfig; path = "Pods/Target Support Files/Pods/Pods.release.xcconfig"; sourceTree = "<group>"; };
		2F692032188052B5808041F6 /* libPods.a */ = {isa = PBXFileReference; explicitFileType = archive.ar; includeInIndex = 0; path = libPods.a; sourceTree = BUILT_PRODUCTS_DIR; };
		5847001093F65C1598B11115 /* Pods.debug.xcconfig */ = {isa = PBXFileReference; includeInIndex = 1; lastKnownFileType = text.xcconfig; name = Pods.debug.xcconfig; path = "Pods/Target Support Files/Pods/Pods.debug.xcconfig"; sourceTree = "<group>"; };
		6933D7E91BE6971300DA94BE /* LoginViewController.h */ = {isa = PBXFileReference; fileEncoding = 4; lastKnownFileType = sourcecode.c.h; name = LoginViewController.h; path = Blocstagram/LoginViewController.h; sourceTree = "<group>"; };
		6933D7EA1BE6971300DA94BE /* LoginViewController.m */ = {isa = PBXFileReference; fileEncoding = 4; lastKnownFileType = sourcecode.c.objc; name = LoginViewController.m; path = Blocstagram/LoginViewController.m; sourceTree = "<group>"; };
		694D48A81BCCAC4100D45F04 /* Blocstagram.app */ = {isa = PBXFileReference; explicitFileType = wrapper.application; includeInIndex = 0; path = Blocstagram.app; sourceTree = BUILT_PRODUCTS_DIR; };
		694D48AC1BCCAC4100D45F04 /* Info.plist */ = {isa = PBXFileReference; lastKnownFileType = text.plist.xml; path = Info.plist; sourceTree = "<group>"; };
		694D48AD1BCCAC4100D45F04 /* main.m */ = {isa = PBXFileReference; lastKnownFileType = sourcecode.c.objc; path = main.m; sourceTree = "<group>"; };
		694D48AF1BCCAC4100D45F04 /* AppDelegate.h */ = {isa = PBXFileReference; lastKnownFileType = sourcecode.c.h; path = AppDelegate.h; sourceTree = "<group>"; };
		694D48B01BCCAC4100D45F04 /* AppDelegate.m */ = {isa = PBXFileReference; lastKnownFileType = sourcecode.c.objc; path = AppDelegate.m; sourceTree = "<group>"; };
		694D48B81BCCAC4100D45F04 /* Images.xcassets */ = {isa = PBXFileReference; lastKnownFileType = folder.assetcatalog; path = Images.xcassets; sourceTree = "<group>"; };
		694D48BB1BCCAC4100D45F04 /* Base */ = {isa = PBXFileReference; lastKnownFileType = file.xib; name = Base; path = Base.lproj/LaunchScreen.xib; sourceTree = "<group>"; };
		694D48C11BCCAC4100D45F04 /* BlocstagramTests.xctest */ = {isa = PBXFileReference; explicitFileType = wrapper.cfbundle; includeInIndex = 0; path = BlocstagramTests.xctest; sourceTree = BUILT_PRODUCTS_DIR; };
		694D48C61BCCAC4100D45F04 /* Info.plist */ = {isa = PBXFileReference; lastKnownFileType = text.plist.xml; path = Info.plist; sourceTree = "<group>"; };
		694D48C71BCCAC4100D45F04 /* BlocstagramTests.m */ = {isa = PBXFileReference; lastKnownFileType = sourcecode.c.objc; path = BlocstagramTests.m; sourceTree = "<group>"; };
		694D48D21BCCAEF500D45F04 /* 1.jpg */ = {isa = PBXFileReference; lastKnownFileType = image.jpeg; path = 1.jpg; sourceTree = "<group>"; };
		694D48D31BCCAEF500D45F04 /* 2.jpg */ = {isa = PBXFileReference; lastKnownFileType = image.jpeg; path = 2.jpg; sourceTree = "<group>"; };
		694D48D41BCCAEF500D45F04 /* 3.jpg */ = {isa = PBXFileReference; lastKnownFileType = image.jpeg; path = 3.jpg; sourceTree = "<group>"; };
		694D48D51BCCAEF500D45F04 /* 4.jpg */ = {isa = PBXFileReference; lastKnownFileType = image.jpeg; path = 4.jpg; sourceTree = "<group>"; };
		694D48D61BCCAEF500D45F04 /* 5.jpg */ = {isa = PBXFileReference; lastKnownFileType = image.jpeg; path = 5.jpg; sourceTree = "<group>"; };
		694D48D71BCCAEF500D45F04 /* 6.jpg */ = {isa = PBXFileReference; lastKnownFileType = image.jpeg; path = 6.jpg; sourceTree = "<group>"; };
		694D48D81BCCAEF500D45F04 /* 7.jpg */ = {isa = PBXFileReference; lastKnownFileType = image.jpeg; path = 7.jpg; sourceTree = "<group>"; };
		694D48D91BCCAEF500D45F04 /* 8.jpg */ = {isa = PBXFileReference; lastKnownFileType = image.jpeg; path = 8.jpg; sourceTree = "<group>"; };
		694D48DA1BCCAEF500D45F04 /* 9.jpg */ = {isa = PBXFileReference; lastKnownFileType = image.jpeg; path = 9.jpg; sourceTree = "<group>"; };
		694D48DB1BCCAEF500D45F04 /* 10.jpg */ = {isa = PBXFileReference; lastKnownFileType = image.jpeg; path = 10.jpg; sourceTree = "<group>"; };
		694D48E61BCCB00D00D45F04 /* ImagesTableViewController.h */ = {isa = PBXFileReference; fileEncoding = 4; lastKnownFileType = sourcecode.c.h; name = ImagesTableViewController.h; path = Blocstagram/ImagesTableViewController.h; sourceTree = "<group>"; };
		694D48E71BCCB00D00D45F04 /* ImagesTableViewController.m */ = {isa = PBXFileReference; fileEncoding = 4; lastKnownFileType = sourcecode.c.objc; name = ImagesTableViewController.m; path = Blocstagram/ImagesTableViewController.m; sourceTree = "<group>"; };
		694D48E91BD015E800D45F04 /* User.h */ = {isa = PBXFileReference; fileEncoding = 4; lastKnownFileType = sourcecode.c.h; name = User.h; path = Blocstagram/User.h; sourceTree = "<group>"; };
		694D48EA1BD015E800D45F04 /* User.m */ = {isa = PBXFileReference; fileEncoding = 4; lastKnownFileType = sourcecode.c.objc; name = User.m; path = Blocstagram/User.m; sourceTree = "<group>"; };
		694D48EC1BD017F600D45F04 /* Media.h */ = {isa = PBXFileReference; fileEncoding = 4; lastKnownFileType = sourcecode.c.h; name = Media.h; path = Blocstagram/Media.h; sourceTree = "<group>"; };
		694D48ED1BD017F600D45F04 /* Media.m */ = {isa = PBXFileReference; fileEncoding = 4; lastKnownFileType = sourcecode.c.objc; name = Media.m; path = Blocstagram/Media.m; sourceTree = "<group>"; };
		694D48EF1BD0186A00D45F04 /* Comment.h */ = {isa = PBXFileReference; fileEncoding = 4; lastKnownFileType = sourcecode.c.h; name = Comment.h; path = Blocstagram/Comment.h; sourceTree = "<group>"; };
		694D48F01BD0186A00D45F04 /* Comment.m */ = {isa = PBXFileReference; fileEncoding = 4; lastKnownFileType = sourcecode.c.objc; name = Comment.m; path = Blocstagram/Comment.m; sourceTree = "<group>"; };
		694D48F21BD0190200D45F04 /* DataSource.h */ = {isa = PBXFileReference; fileEncoding = 4; lastKnownFileType = sourcecode.c.h; name = DataSource.h; path = Blocstagram/DataSource.h; sourceTree = "<group>"; };
		694D48F31BD0190200D45F04 /* DataSource.m */ = {isa = PBXFileReference; fileEncoding = 4; lastKnownFileType = sourcecode.c.objc; name = DataSource.m; path = Blocstagram/DataSource.m; sourceTree = "<group>"; };
		694D48F51BD5D3D900D45F04 /* MediaTableViewCell.h */ = {isa = PBXFileReference; fileEncoding = 4; lastKnownFileType = sourcecode.c.h; name = MediaTableViewCell.h; path = Blocstagram/MediaTableViewCell.h; sourceTree = "<group>"; };
		694D48F61BD5D3D900D45F04 /* MediaTableViewCell.m */ = {isa = PBXFileReference; fileEncoding = 4; lastKnownFileType = sourcecode.c.objc; name = MediaTableViewCell.m; path = Blocstagram/MediaTableViewCell.m; sourceTree = "<group>"; };
		697EC6E11BF2424300FBFA99 /* MediaFullScreenViewController.h */ = {isa = PBXFileReference; fileEncoding = 4; lastKnownFileType = sourcecode.c.h; name = MediaFullScreenViewController.h; path = Blocstagram/MediaFullScreenViewController.h; sourceTree = "<group>"; };
		697EC6E21BF2424300FBFA99 /* MediaFullScreenViewController.m */ = {isa = PBXFileReference; fileEncoding = 4; lastKnownFileType = sourcecode.c.objc; name = MediaFullScreenViewController.m; path = Blocstagram/MediaFullScreenViewController.m; sourceTree = "<group>"; };
		697EC6E41C02E19A00FBFA99 /* CircleSpinnerView.h */ = {isa = PBXFileReference; fileEncoding = 4; lastKnownFileType = sourcecode.c.h; name = CircleSpinnerView.h; path = Blocstagram/CircleSpinnerView.h; sourceTree = "<group>"; };
		697EC6E51C02E19A00FBFA99 /* CircleSpinnerView.m */ = {isa = PBXFileReference; fileEncoding = 4; lastKnownFileType = sourcecode.c.objc; name = CircleSpinnerView.m; path = Blocstagram/CircleSpinnerView.m; sourceTree = "<group>"; };
		697EC6E71C03933F00FBFA99 /* LikeButton.h */ = {isa = PBXFileReference; fileEncoding = 4; lastKnownFileType = sourcecode.c.h; name = LikeButton.h; path = Blocstagram/LikeButton.h; sourceTree = "<group>"; };
		697EC6E81C03933F00FBFA99 /* LikeButton.m */ = {isa = PBXFileReference; fileEncoding = 4; lastKnownFileType = sourcecode.c.objc; name = LikeButton.m; path = Blocstagram/LikeButton.m; sourceTree = "<group>"; };
		69D5912F1C04E9BE00BAD201 /* ComposeCommentView.h */ = {isa = PBXFileReference; fileEncoding = 4; lastKnownFileType = sourcecode.c.h; name = ComposeCommentView.h; path = Blocstagram/ComposeCommentView.h; sourceTree = "<group>"; };
		69D591301C04E9BE00BAD201 /* ComposeCommentView.m */ = {isa = PBXFileReference; fileEncoding = 4; lastKnownFileType = sourcecode.c.objc; name = ComposeCommentView.m; path = Blocstagram/ComposeCommentView.m; sourceTree = "<group>"; };
		69D591321C0D228900BAD201 /* CameraToolbar.h */ = {isa = PBXFileReference; fileEncoding = 4; lastKnownFileType = sourcecode.c.h; name = CameraToolbar.h; path = Blocstagram/CameraToolbar.h; sourceTree = "<group>"; };
		69D591331C0D228900BAD201 /* CameraToolbar.m */ = {isa = PBXFileReference; fileEncoding = 4; lastKnownFileType = sourcecode.c.objc; name = CameraToolbar.m; path = Blocstagram/CameraToolbar.m; sourceTree = "<group>"; };
		69D591351C0D360100BAD201 /* CameraViewController.h */ = {isa = PBXFileReference; fileEncoding = 4; lastKnownFileType = sourcecode.c.h; name = CameraViewController.h; path = Blocstagram/CameraViewController.h; sourceTree = "<group>"; };
		69D591361C0D360100BAD201 /* CameraViewController.m */ = {isa = PBXFileReference; fileEncoding = 4; lastKnownFileType = sourcecode.c.objc; name = CameraViewController.m; path = Blocstagram/CameraViewController.m; sourceTree = "<group>"; };
		69D591381C11735E00BAD201 /* UIImage+ImageUtilities.h */ = {isa = PBXFileReference; fileEncoding = 4; lastKnownFileType = sourcecode.c.h; name = "UIImage+ImageUtilities.h"; path = "Blocstagram/UIImage+ImageUtilities.h"; sourceTree = "<group>"; };
		69D591391C11735E00BAD201 /* UIImage+ImageUtilities.m */ = {isa = PBXFileReference; fileEncoding = 4; lastKnownFileType = sourcecode.c.objc; name = "UIImage+ImageUtilities.m"; path = "Blocstagram/UIImage+ImageUtilities.m"; sourceTree = "<group>"; };
		69D5913B1C128EBA00BAD201 /* CropBox.h */ = {isa = PBXFileReference; fileEncoding = 4; lastKnownFileType = sourcecode.c.h; name = CropBox.h; path = Blocstagram/CropBox.h; sourceTree = "<group>"; };
		69D5913C1C128EBA00BAD201 /* CropBox.m */ = {isa = PBXFileReference; fileEncoding = 4; lastKnownFileType = sourcecode.c.objc; name = CropBox.m; path = Blocstagram/CropBox.m; sourceTree = "<group>"; };
		69D5913E1C14DB2400BAD201 /* CropImageViewController.h */ = {isa = PBXFileReference; fileEncoding = 4; lastKnownFileType = sourcecode.c.h; name = CropImageViewController.h; path = Blocstagram/CropImageViewController.h; sourceTree = "<group>"; };
		69D5913F1C14DB2400BAD201 /* CropImageViewController.m */ = {isa = PBXFileReference; fileEncoding = 4; lastKnownFileType = sourcecode.c.objc; name = CropImageViewController.m; path = Blocstagram/CropImageViewController.m; sourceTree = "<group>"; };
		69D591411C14E52100BAD201 /* ImageLibraryViewController.h */ = {isa = PBXFileReference; fileEncoding = 4; lastKnownFileType = sourcecode.c.h; name = ImageLibraryViewController.h; path = Blocstagram/ImageLibraryViewController.h; sourceTree = "<group>"; };
		69D591421C14E52100BAD201 /* ImageLibraryViewController.m */ = {isa = PBXFileReference; fileEncoding = 4; lastKnownFileType = sourcecode.c.objc; name = ImageLibraryViewController.m; path = Blocstagram/ImageLibraryViewController.m; sourceTree = "<group>"; };
		69D591441C180CA900BAD201 /* PostToInstagramViewController.h */ = {isa = PBXFileReference; fileEncoding = 4; lastKnownFileType = sourcecode.c.h; name = PostToInstagramViewController.h; path = Blocstagram/PostToInstagramViewController.h; sourceTree = "<group>"; };
		69D591451C180CA900BAD201 /* PostToInstagramViewController.m */ = {isa = PBXFileReference; fileEncoding = 4; lastKnownFileType = sourcecode.c.objc; name = PostToInstagramViewController.m; path = Blocstagram/PostToInstagramViewController.m; sourceTree = "<group>"; };
/* End PBXFileReference section */

/* Begin PBXFrameworksBuildPhase section */
		694D48A51BCCAC4100D45F04 /* Frameworks */ = {
			isa = PBXFrameworksBuildPhase;
			buildActionMask = 2147483647;
			files = (
				B0006CD6388C05BEC0E89905 /* libPods.a in Frameworks */,
			);
			runOnlyForDeploymentPostprocessing = 0;
		};
		694D48BE1BCCAC4100D45F04 /* Frameworks */ = {
			isa = PBXFrameworksBuildPhase;
			buildActionMask = 2147483647;
			files = (
			);
			runOnlyForDeploymentPostprocessing = 0;
		};
/* End PBXFrameworksBuildPhase section */

/* Begin PBXGroup section */
		00F64FD8B6A73F7A1CB433E8 /* Pods */ = {
			isa = PBXGroup;
			children = (
				5847001093F65C1598B11115 /* Pods.debug.xcconfig */,
				260B3A8CAC5CF6143E1CD202 /* Pods.release.xcconfig */,
			);
			name = Pods;
			sourceTree = "<group>";
		};
		694D489F1BCCAC4100D45F04 = {
			isa = PBXGroup;
			children = (
				69D591441C180CA900BAD201 /* PostToInstagramViewController.h */,
				69D591451C180CA900BAD201 /* PostToInstagramViewController.m */,
				69D5912F1C04E9BE00BAD201 /* ComposeCommentView.h */,
				69D591301C04E9BE00BAD201 /* ComposeCommentView.m */,
				6933D7E91BE6971300DA94BE /* LoginViewController.h */,
				6933D7EA1BE6971300DA94BE /* LoginViewController.m */,
				694D48E61BCCB00D00D45F04 /* ImagesTableViewController.h */,
				694D48E71BCCB00D00D45F04 /* ImagesTableViewController.m */,
				697EC6E41C02E19A00FBFA99 /* CircleSpinnerView.h */,
				697EC6E71C03933F00FBFA99 /* LikeButton.h */,
				69D5913B1C128EBA00BAD201 /* CropBox.h */,
				69D5913C1C128EBA00BAD201 /* CropBox.m */,
				697EC6E81C03933F00FBFA99 /* LikeButton.m */,
				697EC6E51C02E19A00FBFA99 /* CircleSpinnerView.m */,
				694D48F51BD5D3D900D45F04 /* MediaTableViewCell.h */,
				694D48F61BD5D3D900D45F04 /* MediaTableViewCell.m */,
				697EC6E11BF2424300FBFA99 /* MediaFullScreenViewController.h */,
				697EC6E21BF2424300FBFA99 /* MediaFullScreenViewController.m */,
				69D591411C14E52100BAD201 /* ImageLibraryViewController.h */,
				69D591421C14E52100BAD201 /* ImageLibraryViewController.m */,
				69D5913E1C14DB2400BAD201 /* CropImageViewController.h */,
				69D5913F1C14DB2400BAD201 /* CropImageViewController.m */,
				694D48E91BD015E800D45F04 /* User.h */,
				694D48EA1BD015E800D45F04 /* User.m */,
				694D48EC1BD017F600D45F04 /* Media.h */,
				694D48ED1BD017F600D45F04 /* Media.m */,
				694D48EF1BD0186A00D45F04 /* Comment.h */,
				694D48F01BD0186A00D45F04 /* Comment.m */,
				694D48F21BD0190200D45F04 /* DataSource.h */,
				694D48F31BD0190200D45F04 /* DataSource.m */,
				69D591321C0D228900BAD201 /* CameraToolbar.h */,
				69D591331C0D228900BAD201 /* CameraToolbar.m */,
				69D591351C0D360100BAD201 /* CameraViewController.h */,
				69D591361C0D360100BAD201 /* CameraViewController.m */,
				69D591381C11735E00BAD201 /* UIImage+ImageUtilities.h */,
				69D591391C11735E00BAD201 /* UIImage+ImageUtilities.m */,
				694D48AA1BCCAC4100D45F04 /* Blocstagram */,
				694D48C41BCCAC4100D45F04 /* BlocstagramTests */,
				694D48A91BCCAC4100D45F04 /* Products */,
				00F64FD8B6A73F7A1CB433E8 /* Pods */,
				B31ADD00057E4F3340F3D22E /* Frameworks */,
			);
			sourceTree = "<group>";
		};
		694D48A91BCCAC4100D45F04 /* Products */ = {
			isa = PBXGroup;
			children = (
				694D48A81BCCAC4100D45F04 /* Blocstagram.app */,
				694D48C11BCCAC4100D45F04 /* BlocstagramTests.xctest */,
			);
			name = Products;
			sourceTree = "<group>";
		};
		694D48AA1BCCAC4100D45F04 /* Blocstagram */ = {
			isa = PBXGroup;
			children = (
				694D48D11BCCAEBB00D45F04 /* Images */,
				694D48AF1BCCAC4100D45F04 /* AppDelegate.h */,
				694D48B01BCCAC4100D45F04 /* AppDelegate.m */,
				694D48B81BCCAC4100D45F04 /* Images.xcassets */,
				694D48BA1BCCAC4100D45F04 /* LaunchScreen.xib */,
				694D48AB1BCCAC4100D45F04 /* Supporting Files */,
			);
			path = Blocstagram;
			sourceTree = "<group>";
		};
		694D48AB1BCCAC4100D45F04 /* Supporting Files */ = {
			isa = PBXGroup;
			children = (
				694D48AC1BCCAC4100D45F04 /* Info.plist */,
				694D48AD1BCCAC4100D45F04 /* main.m */,
			);
			name = "Supporting Files";
			sourceTree = "<group>";
		};
		694D48C41BCCAC4100D45F04 /* BlocstagramTests */ = {
			isa = PBXGroup;
			children = (
				694D48C71BCCAC4100D45F04 /* BlocstagramTests.m */,
				694D48C51BCCAC4100D45F04 /* Supporting Files */,
			);
			path = BlocstagramTests;
			sourceTree = "<group>";
		};
		694D48C51BCCAC4100D45F04 /* Supporting Files */ = {
			isa = PBXGroup;
			children = (
				694D48C61BCCAC4100D45F04 /* Info.plist */,
			);
			name = "Supporting Files";
			sourceTree = "<group>";
		};
		694D48D11BCCAEBB00D45F04 /* Images */ = {
			isa = PBXGroup;
			children = (
				694D48D21BCCAEF500D45F04 /* 1.jpg */,
				694D48D31BCCAEF500D45F04 /* 2.jpg */,
				694D48D41BCCAEF500D45F04 /* 3.jpg */,
				694D48D51BCCAEF500D45F04 /* 4.jpg */,
				694D48D61BCCAEF500D45F04 /* 5.jpg */,
				694D48D71BCCAEF500D45F04 /* 6.jpg */,
				694D48D81BCCAEF500D45F04 /* 7.jpg */,
				694D48D91BCCAEF500D45F04 /* 8.jpg */,
				694D48DA1BCCAEF500D45F04 /* 9.jpg */,
				694D48DB1BCCAEF500D45F04 /* 10.jpg */,
			);
			name = Images;
			sourceTree = "<group>";
		};
		B31ADD00057E4F3340F3D22E /* Frameworks */ = {
			isa = PBXGroup;
			children = (
				2F692032188052B5808041F6 /* libPods.a */,
			);
			name = Frameworks;
			sourceTree = "<group>";
		};
/* End PBXGroup section */

/* Begin PBXNativeTarget section */
		694D48A71BCCAC4100D45F04 /* Blocstagram */ = {
			isa = PBXNativeTarget;
			buildConfigurationList = 694D48CB1BCCAC4100D45F04 /* Build configuration list for PBXNativeTarget "Blocstagram" */;
			buildPhases = (
				F5ADE554DF50548A08C6CF43 /* Check Pods Manifest.lock */,
				694D48A41BCCAC4100D45F04 /* Sources */,
				694D48A51BCCAC4100D45F04 /* Frameworks */,
				694D48A61BCCAC4100D45F04 /* Resources */,
				D3949FE1B00FC0E6F0EDCF1C /* Embed Pods Frameworks */,
				A853A47FD1372BA5AAD4769B /* Copy Pods Resources */,
			);
			buildRules = (
			);
			dependencies = (
			);
			name = Blocstagram;
			productName = Blocstagram;
			productReference = 694D48A81BCCAC4100D45F04 /* Blocstagram.app */;
			productType = "com.apple.product-type.application";
		};
		694D48C01BCCAC4100D45F04 /* BlocstagramTests */ = {
			isa = PBXNativeTarget;
			buildConfigurationList = 694D48CE1BCCAC4100D45F04 /* Build configuration list for PBXNativeTarget "BlocstagramTests" */;
			buildPhases = (
				694D48BD1BCCAC4100D45F04 /* Sources */,
				694D48BE1BCCAC4100D45F04 /* Frameworks */,
				694D48BF1BCCAC4100D45F04 /* Resources */,
			);
			buildRules = (
			);
			dependencies = (
				694D48C31BCCAC4100D45F04 /* PBXTargetDependency */,
			);
			name = BlocstagramTests;
			productName = BlocstagramTests;
			productReference = 694D48C11BCCAC4100D45F04 /* BlocstagramTests.xctest */;
			productType = "com.apple.product-type.bundle.unit-test";
		};
/* End PBXNativeTarget section */

/* Begin PBXProject section */
		694D48A01BCCAC4100D45F04 /* Project object */ = {
			isa = PBXProject;
			attributes = {
				LastUpgradeCheck = 0710;
				ORGANIZATIONNAME = Bloc;
				TargetAttributes = {
					694D48A71BCCAC4100D45F04 = {
						CreatedOnToolsVersion = 6.4;
					};
					694D48C01BCCAC4100D45F04 = {
						CreatedOnToolsVersion = 6.4;
						TestTargetID = 694D48A71BCCAC4100D45F04;
					};
				};
			};
			buildConfigurationList = 694D48A31BCCAC4100D45F04 /* Build configuration list for PBXProject "Blocstagram" */;
			compatibilityVersion = "Xcode 3.2";
			developmentRegion = English;
			hasScannedForEncodings = 0;
			knownRegions = (
				en,
				Base,
			);
			mainGroup = 694D489F1BCCAC4100D45F04;
			productRefGroup = 694D48A91BCCAC4100D45F04 /* Products */;
			projectDirPath = "";
			projectRoot = "";
			targets = (
				694D48A71BCCAC4100D45F04 /* Blocstagram */,
				694D48C01BCCAC4100D45F04 /* BlocstagramTests */,
			);
		};
/* End PBXProject section */

/* Begin PBXResourcesBuildPhase section */
		694D48A61BCCAC4100D45F04 /* Resources */ = {
			isa = PBXResourcesBuildPhase;
			buildActionMask = 2147483647;
			files = (
				694D48E41BCCAEF500D45F04 /* 9.jpg in Resources */,
				694D48E31BCCAEF500D45F04 /* 8.jpg in Resources */,
				694D48DF1BCCAEF500D45F04 /* 4.jpg in Resources */,
				694D48DE1BCCAEF500D45F04 /* 3.jpg in Resources */,
				694D48E11BCCAEF500D45F04 /* 6.jpg in Resources */,
				694D48DC1BCCAEF500D45F04 /* 1.jpg in Resources */,
				694D48BC1BCCAC4100D45F04 /* LaunchScreen.xib in Resources */,
				694D48E01BCCAEF500D45F04 /* 5.jpg in Resources */,
				694D48E21BCCAEF500D45F04 /* 7.jpg in Resources */,
				694D48DD1BCCAEF500D45F04 /* 2.jpg in Resources */,
				694D48E51BCCAEF500D45F04 /* 10.jpg in Resources */,
				694D48B91BCCAC4100D45F04 /* Images.xcassets in Resources */,
			);
			runOnlyForDeploymentPostprocessing = 0;
		};
		694D48BF1BCCAC4100D45F04 /* Resources */ = {
			isa = PBXResourcesBuildPhase;
			buildActionMask = 2147483647;
			files = (
			);
			runOnlyForDeploymentPostprocessing = 0;
		};
/* End PBXResourcesBuildPhase section */

/* Begin PBXShellScriptBuildPhase section */
		A853A47FD1372BA5AAD4769B /* Copy Pods Resources */ = {
			isa = PBXShellScriptBuildPhase;
			buildActionMask = 2147483647;
			files = (
			);
			inputPaths = (
			);
			name = "Copy Pods Resources";
			outputPaths = (
			);
			runOnlyForDeploymentPostprocessing = 0;
			shellPath = /bin/sh;
			shellScript = "\"${SRCROOT}/Pods/Target Support Files/Pods/Pods-resources.sh\"\n";
			showEnvVarsInLog = 0;
		};
		D3949FE1B00FC0E6F0EDCF1C /* Embed Pods Frameworks */ = {
			isa = PBXShellScriptBuildPhase;
			buildActionMask = 2147483647;
			files = (
			);
			inputPaths = (
			);
			name = "Embed Pods Frameworks";
			outputPaths = (
			);
			runOnlyForDeploymentPostprocessing = 0;
			shellPath = /bin/sh;
			shellScript = "\"${SRCROOT}/Pods/Target Support Files/Pods/Pods-frameworks.sh\"\n";
			showEnvVarsInLog = 0;
		};
		F5ADE554DF50548A08C6CF43 /* Check Pods Manifest.lock */ = {
			isa = PBXShellScriptBuildPhase;
			buildActionMask = 2147483647;
			files = (
			);
			inputPaths = (
			);
			name = "Check Pods Manifest.lock";
			outputPaths = (
			);
			runOnlyForDeploymentPostprocessing = 0;
			shellPath = /bin/sh;
			shellScript = "diff \"${PODS_ROOT}/../Podfile.lock\" \"${PODS_ROOT}/Manifest.lock\" > /dev/null\nif [[ $? != 0 ]] ; then\n    cat << EOM\nerror: The sandbox is not in sync with the Podfile.lock. Run 'pod install' or update your CocoaPods installation.\nEOM\n    exit 1\nfi\n";
			showEnvVarsInLog = 0;
		};
/* End PBXShellScriptBuildPhase section */

/* Begin PBXSourcesBuildPhase section */
		694D48A41BCCAC4100D45F04 /* Sources */ = {
			isa = PBXSourcesBuildPhase;
			buildActionMask = 2147483647;
			files = (
				69D591371C0D360100BAD201 /* CameraViewController.m in Sources */,
				697EC6E31BF2424300FBFA99 /* MediaFullScreenViewController.m in Sources */,
				697EC6E61C02E19A00FBFA99 /* CircleSpinnerView.m in Sources */,
				694D48EB1BD015E800D45F04 /* User.m in Sources */,
				69D591431C14E52100BAD201 /* ImageLibraryViewController.m in Sources */,
				69D5913D1C128EBA00BAD201 /* CropBox.m in Sources */,
				694D48F11BD0186A00D45F04 /* Comment.m in Sources */,
				69D591401C14DB2400BAD201 /* CropImageViewController.m in Sources */,
				694D48F71BD5D3D900D45F04 /* MediaTableViewCell.m in Sources */,
				694D48EE1BD017F600D45F04 /* Media.m in Sources */,
				69D591341C0D228900BAD201 /* CameraToolbar.m in Sources */,
				694D48B11BCCAC4100D45F04 /* AppDelegate.m in Sources */,
				69D591461C180CA900BAD201 /* PostToInstagramViewController.m in Sources */,
				6933D7EB1BE6971300DA94BE /* LoginViewController.m in Sources */,
				697EC6E91C03933F00FBFA99 /* LikeButton.m in Sources */,
				694D48F41BD0190200D45F04 /* DataSource.m in Sources */,
				69D591311C04E9BE00BAD201 /* ComposeCommentView.m in Sources */,
				694D48AE1BCCAC4100D45F04 /* main.m in Sources */,
				69D5913A1C11735E00BAD201 /* UIImage+ImageUtilities.m in Sources */,
				694D48E81BCCB00D00D45F04 /* ImagesTableViewController.m in Sources */,
			);
			runOnlyForDeploymentPostprocessing = 0;
		};
		694D48BD1BCCAC4100D45F04 /* Sources */ = {
			isa = PBXSourcesBuildPhase;
			buildActionMask = 2147483647;
			files = (
				694D48C81BCCAC4100D45F04 /* BlocstagramTests.m in Sources */,
			);
			runOnlyForDeploymentPostprocessing = 0;
		};
/* End PBXSourcesBuildPhase section */

/* Begin PBXTargetDependency section */
		694D48C31BCCAC4100D45F04 /* PBXTargetDependency */ = {
			isa = PBXTargetDependency;
			target = 694D48A71BCCAC4100D45F04 /* Blocstagram */;
			targetProxy = 694D48C21BCCAC4100D45F04 /* PBXContainerItemProxy */;
		};
/* End PBXTargetDependency section */

/* Begin PBXVariantGroup section */
		694D48BA1BCCAC4100D45F04 /* LaunchScreen.xib */ = {
			isa = PBXVariantGroup;
			children = (
				694D48BB1BCCAC4100D45F04 /* Base */,
			);
			name = LaunchScreen.xib;
			sourceTree = "<group>";
		};
/* End PBXVariantGroup section */

/* Begin XCBuildConfiguration section */
		694D48C91BCCAC4100D45F04 /* Debug */ = {
			isa = XCBuildConfiguration;
			buildSettings = {
				ALWAYS_SEARCH_USER_PATHS = NO;
				CLANG_CXX_LANGUAGE_STANDARD = "gnu++0x";
				CLANG_CXX_LIBRARY = "libc++";
				CLANG_ENABLE_MODULES = YES;
				CLANG_ENABLE_OBJC_ARC = YES;
				CLANG_WARN_BOOL_CONVERSION = YES;
				CLANG_WARN_CONSTANT_CONVERSION = YES;
				CLANG_WARN_DIRECT_OBJC_ISA_USAGE = YES_ERROR;
				CLANG_WARN_EMPTY_BODY = YES;
				CLANG_WARN_ENUM_CONVERSION = YES;
				CLANG_WARN_INT_CONVERSION = YES;
				CLANG_WARN_OBJC_ROOT_CLASS = YES_ERROR;
				CLANG_WARN_UNREACHABLE_CODE = YES;
				CLANG_WARN__DUPLICATE_METHOD_MATCH = YES;
				"CODE_SIGN_IDENTITY[sdk=iphoneos*]" = "iPhone Developer";
				COPY_PHASE_STRIP = NO;
				DEBUG_INFORMATION_FORMAT = "dwarf-with-dsym";
				ENABLE_STRICT_OBJC_MSGSEND = YES;
				ENABLE_TESTABILITY = YES;
				GCC_C_LANGUAGE_STANDARD = gnu99;
				GCC_DYNAMIC_NO_PIC = NO;
				GCC_NO_COMMON_BLOCKS = YES;
				GCC_OPTIMIZATION_LEVEL = 0;
				GCC_PREPROCESSOR_DEFINITIONS = (
					"DEBUG=1",
					"$(inherited)",
				);
				GCC_SYMBOLS_PRIVATE_EXTERN = NO;
				GCC_WARN_64_TO_32_BIT_CONVERSION = YES;
				GCC_WARN_ABOUT_RETURN_TYPE = YES_ERROR;
				GCC_WARN_UNDECLARED_SELECTOR = YES;
				GCC_WARN_UNINITIALIZED_AUTOS = YES_AGGRESSIVE;
				GCC_WARN_UNUSED_FUNCTION = YES;
				GCC_WARN_UNUSED_VARIABLE = YES;
				IPHONEOS_DEPLOYMENT_TARGET = 8.4;
				MTL_ENABLE_DEBUG_INFO = YES;
				ONLY_ACTIVE_ARCH = YES;
				SDKROOT = iphoneos;
				TARGETED_DEVICE_FAMILY = "1,2";
			};
			name = Debug;
		};
		694D48CA1BCCAC4100D45F04 /* Release */ = {
			isa = XCBuildConfiguration;
			buildSettings = {
				ALWAYS_SEARCH_USER_PATHS = NO;
				CLANG_CXX_LANGUAGE_STANDARD = "gnu++0x";
				CLANG_CXX_LIBRARY = "libc++";
				CLANG_ENABLE_MODULES = YES;
				CLANG_ENABLE_OBJC_ARC = YES;
				CLANG_WARN_BOOL_CONVERSION = YES;
				CLANG_WARN_CONSTANT_CONVERSION = YES;
				CLANG_WARN_DIRECT_OBJC_ISA_USAGE = YES_ERROR;
				CLANG_WARN_EMPTY_BODY = YES;
				CLANG_WARN_ENUM_CONVERSION = YES;
				CLANG_WARN_INT_CONVERSION = YES;
				CLANG_WARN_OBJC_ROOT_CLASS = YES_ERROR;
				CLANG_WARN_UNREACHABLE_CODE = YES;
				CLANG_WARN__DUPLICATE_METHOD_MATCH = YES;
				"CODE_SIGN_IDENTITY[sdk=iphoneos*]" = "iPhone Developer";
				COPY_PHASE_STRIP = NO;
				DEBUG_INFORMATION_FORMAT = "dwarf-with-dsym";
				ENABLE_NS_ASSERTIONS = NO;
				ENABLE_STRICT_OBJC_MSGSEND = YES;
				GCC_C_LANGUAGE_STANDARD = gnu99;
				GCC_NO_COMMON_BLOCKS = YES;
				GCC_WARN_64_TO_32_BIT_CONVERSION = YES;
				GCC_WARN_ABOUT_RETURN_TYPE = YES_ERROR;
				GCC_WARN_UNDECLARED_SELECTOR = YES;
				GCC_WARN_UNINITIALIZED_AUTOS = YES_AGGRESSIVE;
				GCC_WARN_UNUSED_FUNCTION = YES;
				GCC_WARN_UNUSED_VARIABLE = YES;
				IPHONEOS_DEPLOYMENT_TARGET = 8.4;
				MTL_ENABLE_DEBUG_INFO = NO;
				SDKROOT = iphoneos;
				TARGETED_DEVICE_FAMILY = "1,2";
				VALIDATE_PRODUCT = YES;
			};
			name = Release;
		};
		694D48CC1BCCAC4100D45F04 /* Debug */ = {
			isa = XCBuildConfiguration;
			baseConfigurationReference = 5847001093F65C1598B11115 /* Pods.debug.xcconfig */;
			buildSettings = {
				ASSETCATALOG_COMPILER_APPICON_NAME = AppIcon;
				INFOPLIST_FILE = Blocstagram/Info.plist;
				LD_RUNPATH_SEARCH_PATHS = "$(inherited) @executable_path/Frameworks";
				PRODUCT_NAME = "$(TARGET_NAME)";
			};
			name = Debug;
		};
		694D48CD1BCCAC4100D45F04 /* Release */ = {
			isa = XCBuildConfiguration;
			baseConfigurationReference = 260B3A8CAC5CF6143E1CD202 /* Pods.release.xcconfig */;
			buildSettings = {
				ASSETCATALOG_COMPILER_APPICON_NAME = AppIcon;
				INFOPLIST_FILE = Blocstagram/Info.plist;
				LD_RUNPATH_SEARCH_PATHS = "$(inherited) @executable_path/Frameworks";
				PRODUCT_NAME = "$(TARGET_NAME)";
			};
			name = Release;
		};
		694D48CF1BCCAC4100D45F04 /* Debug */ = {
			isa = XCBuildConfiguration;
			buildSettings = {
				BUNDLE_LOADER = "$(TEST_HOST)";
				FRAMEWORK_SEARCH_PATHS = (
					"$(SDKROOT)/Developer/Library/Frameworks",
					"$(inherited)",
				);
				GCC_PREPROCESSOR_DEFINITIONS = (
					"DEBUG=1",
					"$(inherited)",
				);
				INFOPLIST_FILE = BlocstagramTests/Info.plist;
				LD_RUNPATH_SEARCH_PATHS = "$(inherited) @executable_path/Frameworks @loader_path/Frameworks";
				PRODUCT_NAME = "$(TARGET_NAME)";
				TEST_HOST = "$(BUILT_PRODUCTS_DIR)/Blocstagram.app/Blocstagram";
			};
			name = Debug;
		};
		694D48D01BCCAC4100D45F04 /* Release */ = {
			isa = XCBuildConfiguration;
			buildSettings = {
				BUNDLE_LOADER = "$(TEST_HOST)";
				FRAMEWORK_SEARCH_PATHS = (
					"$(SDKROOT)/Developer/Library/Frameworks",
					"$(inherited)",
				);
				INFOPLIST_FILE = BlocstagramTests/Info.plist;
				LD_RUNPATH_SEARCH_PATHS = "$(inherited) @executable_path/Frameworks @loader_path/Frameworks";
				PRODUCT_NAME = "$(TARGET_NAME)";
				TEST_HOST = "$(BUILT_PRODUCTS_DIR)/Blocstagram.app/Blocstagram";
			};
			name = Release;
		};
/* End XCBuildConfiguration section */

/* Begin XCConfigurationList section */
		694D48A31BCCAC4100D45F04 /* Build configuration list for PBXProject "Blocstagram" */ = {
			isa = XCConfigurationList;
			buildConfigurations = (
				694D48C91BCCAC4100D45F04 /* Debug */,
				694D48CA1BCCAC4100D45F04 /* Release */,
			);
			defaultConfigurationIsVisible = 0;
			defaultConfigurationName = Release;
		};
		694D48CB1BCCAC4100D45F04 /* Build configuration list for PBXNativeTarget "Blocstagram" */ = {
			isa = XCConfigurationList;
			buildConfigurations = (
				694D48CC1BCCAC4100D45F04 /* Debug */,
				694D48CD1BCCAC4100D45F04 /* Release */,
			);
			defaultConfigurationIsVisible = 0;
			defaultConfigurationName = Release;
		};
		694D48CE1BCCAC4100D45F04 /* Build configuration list for PBXNativeTarget "BlocstagramTests" */ = {
			isa = XCConfigurationList;
			buildConfigurations = (
				694D48CF1BCCAC4100D45F04 /* Debug */,
				694D48D01BCCAC4100D45F04 /* Release */,
			);
			defaultConfigurationIsVisible = 0;
			defaultConfigurationName = Release;
		};
/* End XCConfigurationList section */
	};
	rootObject = 694D48A01BCCAC4100D45F04 /* Project object */;
}
